
Microsoft Visual Studio Solution File, Format Version 12.00
# Visual Studio 15
VisualStudioVersion = 15.0.28307.329
MinimumVisualStudioVersion = 10.0.40219.1
Project("{FAE04EC0-301F-11D3-BF4B-00C04F79EFBC}") = "HW_13.02.2019", "HW_15.02.2019\HW_13.02.2019.csproj", "{F6B04A00-2516-4562-99CA-24FDAB6A6C73}"
EndProject
Global
	GlobalSection(SolutionConfigurationPlatforms) = preSolution
		Debug|Any CPU = Debug|Any CPU
		Release|Any CPU = Release|Any CPU
	EndGlobalSection
	GlobalSection(ProjectConfigurationPlatforms) = postSolution
		{F6B04A00-2516-4562-99CA-24FDAB6A6C73}.Debug|Any CPU.ActiveCfg = Debug|Any CPU
		{F6B04A00-2516-4562-99CA-24FDAB6A6C73}.Debug|Any CPU.Build.0 = Debug|Any CPU
		{F6B04A00-2516-4562-99CA-24FDAB6A6C73}.Release|Any CPU.ActiveCfg = Release|Any CPU
		{F6B04A00-2516-4562-99CA-24FDAB6A6C73}.Release|Any CPU.Build.0 = Release|Any CPU
	EndGlobalSection
	GlobalSection(SolutionProperties) = preSolution
		HideSolutionNode = FALSE
	EndGlobalSection
	GlobalSection(ExtensibilityGlobals) = postSolution
		SolutionGuid = {4630AB6F-D872-4846-9897-540DAA3B9B09}
	EndGlobalSection
EndGlobal
